
Microsoft Visual Studio Solution File, Format Version 12.00
# Visual Studio Version 17
VisualStudioVersion = 17.7.34031.279
MinimumVisualStudioVersion = 10.0.40219.1
Project("{FAE04EC0-301F-11D3-BF4B-00C04F79EFBC}") = "FOPWatchPartyWebApp", "FOPWatchPartyWebApp\FOPWatchPartyWebApp.csproj", "{FF74AC90-35A7-4EC9-847F-4ED3E47EABEF}"
EndProject
Global
	GlobalSection(SolutionConfigurationPlatforms) = preSolution
		Debug|Any CPU = Debug|Any CPU
		Release|Any CPU = Release|Any CPU
	EndGlobalSection
	GlobalSection(ProjectConfigurationPlatforms) = postSolution
		{FF74AC90-35A7-4EC9-847F-4ED3E47EABEF}.Debug|Any CPU.ActiveCfg = Debug|Any CPU
		{FF74AC90-35A7-4EC9-847F-4ED3E47EABEF}.Debug|Any CPU.Build.0 = Debug|Any CPU
		{FF74AC90-35A7-4EC9-847F-4ED3E47EABEF}.Release|Any CPU.ActiveCfg = Release|Any CPU
		{FF74AC90-35A7-4EC9-847F-4ED3E47EABEF}.Release|Any CPU.Build.0 = Release|Any CPU
	EndGlobalSection
	GlobalSection(SolutionProperties) = preSolution
		HideSolutionNode = FALSE
	EndGlobalSection
	GlobalSection(ExtensibilityGlobals) = postSolution
		SolutionGuid = {22BFE29D-B451-4B8E-8E3D-AF8CDBEED12B}
	EndGlobalSection
EndGlobal
